PODS:
  - BaiduMapKit/Base (6.2.0)
  - BaiduMapKit/Map (6.2.0):
    - BaiduMapKit/Base
  - BaiduMapKit/Search (6.2.0):
    - BaiduMapKit/Base
  - BaiduMapKit/Utils (6.2.0):
    - BaiduMapKit/Base
  - connectivity (0.0.1):
    - Flutter
    - Reachability
  - Flutter (1.0.0)
  - flutter_baidu_mapapi_base (2.0.0):
    - BaiduMapKit/Utils (= 6.2.0)
    - Flutter
  - flutter_baidu_mapapi_map (2.0.0):
    - BaiduMapKit/Map (= 6.2.0)
    - Flutter
    - flutter_baidu_mapapi_base
  - flutter_baidu_mapapi_search (0.0.1):
    - BaiduMapKit/Search (= 6.2.0)
    - Flutter
    - flutter_baidu_mapapi_base
  - Reachability (3.2)
  - shared_preferences (0.0.1):
    - Flutter
  - url_launcher (0.0.1):
    - Flutter
  - video_player (0.0.1):
    - Flutter

DEPENDENCIES:
  - connectivity (from `.symlinks/plugins/connectivity/ios`)
  - Flutter (from `Flutter`)
  - flutter_baidu_mapapi_base (from `.symlinks/plugins/flutter_baidu_mapapi_base/ios`)
  - flutter_baidu_mapapi_map (from `.symlinks/plugins/flutter_baidu_mapapi_map/ios`)
  - flutter_baidu_mapapi_search (from `.symlinks/plugins/flutter_baidu_mapapi_search/ios`)
  - shared_preferences (from `.symlinks/plugins/shared_preferences/ios`)
  - url_launcher (from `.symlinks/plugins/url_launcher/ios`)
  - video_player (from `.symlinks/plugins/video_player/ios`)

SPEC REPOS:
  trunk:
    - BaiduMapKit
    - Reachability

EXTERNAL SOURCES:
  connectivity:
    :path: ".symlinks/plugins/connectivity/ios"
  Flutter:
    :path: Flutter
  flutter_baidu_mapapi_base:
    :path: ".symlinks/plugins/flutter_baidu_mapapi_base/ios"
  flutter_baidu_mapapi_map:
    :path: ".symlinks/plugins/flutter_baidu_mapapi_map/ios"
  flutter_baidu_mapapi_search:
    :path: ".symlinks/plugins/flutter_baidu_mapapi_search/ios"
  shared_preferences:
    :path: ".symlinks/plugins/shared_preferences/ios"
  url_launcher:
    :path: ".symlinks/plugins/url_launcher/ios"
  video_player:
    :path: ".symlinks/plugins/video_player/ios"

SPEC CHECKSUMS:
  BaiduMapKit: 907c6d9b74f66c3ff4741fc4b568ae0b339917f8
  connectivity: c4130b2985d4ef6fd26f9702e886bd5260681467
  Flutter: 434fef37c0980e73bb6479ef766c45957d4b510c
  flutter_baidu_mapapi_base: 90fddba11ec4435406a7211d6ee905b4311c31db
  flutter_baidu_mapapi_map: 771bf00671832b1fcddb17733518cd631529df16
  flutter_baidu_mapapi_search: 4cffaa74e739a4114595c4f82f790e1783bb612d
  Reachability: 33e18b67625424e47b6cde6d202dce689ad7af96
  shared_preferences: af6bfa751691cdc24be3045c43ec037377ada40d
  url_launcher: 6fef411d543ceb26efce54b05a0a40bfd74cbbef
  video_player: 9cc823b1d9da7e8427ee591e8438bfbcde500e6e

PODFILE CHECKSUM: aafe91acc616949ddb318b77800a7f51bffa2a4c

COCOAPODS: 1.10.1
